
Microsoft Visual Studio Solution File, Format Version 11.00
# Visual Studio 2010
Project("{FAE04EC0-301F-11D3-BF4B-00C04F79EFBC}") = "DbForms", "DbForms\DbForms.csproj", "{DEFDE608-B14E-44B6-83FC-8ECFB1BACDEC}"
EndProject
Global
	GlobalSection(SolutionConfigurationPlatforms) = preSolution
		Debug|Any CPU = Debug|Any CPU
		Release|Any CPU = Release|Any CPU
	EndGlobalSection
	GlobalSection(ProjectConfigurationPlatforms) = postSolution
		{DEFDE608-B14E-44B6-83FC-8ECFB1BACDEC}.Debug|Any CPU.ActiveCfg = Debug|Any CPU
		{DEFDE608-B14E-44B6-83FC-8ECFB1BACDEC}.Debug|Any CPU.Build.0 = Debug|Any CPU
		{DEFDE608-B14E-44B6-83FC-8ECFB1BACDEC}.Release|Any CPU.ActiveCfg = Release|Any CPU
		{DEFDE608-B14E-44B6-83FC-8ECFB1BACDEC}.Release|Any CPU.Build.0 = Release|Any CPU
	EndGlobalSection
	GlobalSection(SolutionProperties) = preSolution
		HideSolutionNode = FALSE
	EndGlobalSection
EndGlobal
